
Microsoft Visual Studio Solution File, Format Version 12.00
# Visual Studio Version 17
VisualStudioVersion = 17.13.35828.75 d17.13
MinimumVisualStudioVersion = 10.0.40219.1
Project("{FAE04EC0-301F-11D3-BF4B-00C04F79EFBC}") = "KASHOP.PL", "KASHOP.PL\KASHOP.PL.csproj", "{1827A79C-A7BD-4694-B988-B5E6EF25B3DF}"
EndProject
Project("{FAE04EC0-301F-11D3-BF4B-00C04F79EFBC}") = "KASHOP.DAL", "KASHOP.DAL\KASHOP.DAL.csproj", "{E3A0A6B3-1F3D-4207-B07F-E860D68FEE60}"
EndProject
Project("{FAE04EC0-301F-11D3-BF4B-00C04F79EFBC}") = "KASHOP.BLL", "KASHOP.BLL\KASHOP.BLL.csproj", "{F0E77521-F78D-4C92-91C2-40DF5ED80CF7}"
EndProject
Global
	GlobalSection(SolutionConfigurationPlatforms) = preSolution
		Debug|Any CPU = Debug|Any CPU
		Release|Any CPU = Release|Any CPU
	EndGlobalSection
	GlobalSection(ProjectConfigurationPlatforms) = postSolution
		{1827A79C-A7BD-4694-B988-B5E6EF25B3DF}.Debug|Any CPU.ActiveCfg = Debug|Any CPU
		{1827A79C-A7BD-4694-B988-B5E6EF25B3DF}.Debug|Any CPU.Build.0 = Debug|Any CPU
		{1827A79C-A7BD-4694-B988-B5E6EF25B3DF}.Release|Any CPU.ActiveCfg = Release|Any CPU
		{1827A79C-A7BD-4694-B988-B5E6EF25B3DF}.Release|Any CPU.Build.0 = Release|Any CPU
		{E3A0A6B3-1F3D-4207-B07F-E860D68FEE60}.Debug|Any CPU.ActiveCfg = Debug|Any CPU
		{E3A0A6B3-1F3D-4207-B07F-E860D68FEE60}.Debug|Any CPU.Build.0 = Debug|Any CPU
		{E3A0A6B3-1F3D-4207-B07F-E860D68FEE60}.Release|Any CPU.ActiveCfg = Release|Any CPU
		{E3A0A6B3-1F3D-4207-B07F-E860D68FEE60}.Release|Any CPU.Build.0 = Release|Any CPU
		{F0E77521-F78D-4C92-91C2-40DF5ED80CF7}.Debug|Any CPU.ActiveCfg = Debug|Any CPU
		{F0E77521-F78D-4C92-91C2-40DF5ED80CF7}.Debug|Any CPU.Build.0 = Debug|Any CPU
		{F0E77521-F78D-4C92-91C2-40DF5ED80CF7}.Release|Any CPU.ActiveCfg = Release|Any CPU
		{F0E77521-F78D-4C92-91C2-40DF5ED80CF7}.Release|Any CPU.Build.0 = Release|Any CPU
	EndGlobalSection
	GlobalSection(SolutionProperties) = preSolution
		HideSolutionNode = FALSE
	EndGlobalSection
	GlobalSection(ExtensibilityGlobals) = postSolution
		SolutionGuid = {FAEDE038-E3AF-4765-8C9D-7A4838699B3C}
	EndGlobalSection
EndGlobal
